
Microsoft Visual Studio Solution File, Format Version 12.00
# Visual Studio Version 17
VisualStudioVersion = 17.4.33122.133
MinimumVisualStudioVersion = 10.0.40219.1
Project("{FAE04EC0-301F-11D3-BF4B-00C04F79EFBC}") = "FilmesApi", "FilmesApi\FilmesApi.csproj", "{373D04CC-D194-44EF-9364-45FA997282DD}"
EndProject
Global
	GlobalSection(SolutionConfigurationPlatforms) = preSolution
		Debug|Any CPU = Debug|Any CPU
		Release|Any CPU = Release|Any CPU
	EndGlobalSection
	GlobalSection(ProjectConfigurationPlatforms) = postSolution
		{373D04CC-D194-44EF-9364-45FA997282DD}.Debug|Any CPU.ActiveCfg = Debug|Any CPU
		{373D04CC-D194-44EF-9364-45FA997282DD}.Debug|Any CPU.Build.0 = Debug|Any CPU
		{373D04CC-D194-44EF-9364-45FA997282DD}.Release|Any CPU.ActiveCfg = Release|Any CPU
		{373D04CC-D194-44EF-9364-45FA997282DD}.Release|Any CPU.Build.0 = Release|Any CPU
	EndGlobalSection
	GlobalSection(SolutionProperties) = preSolution
		HideSolutionNode = FALSE
	EndGlobalSection
	GlobalSection(ExtensibilityGlobals) = postSolution
		SolutionGuid = {C866F845-2C7F-4E1F-BF7B-BBA18218E7A0}
	EndGlobalSection
EndGlobal
